# This file is autogenerated, do not edit; changes may be undone by the next 'dep ensure'.


[[projects]]
  branch = "master"
  digest = "1:caf5b6526ab478df1debb4048cc99489d3954975457c4ba63441f489c9053ea2"
  name = "github.com/bitrise-io/go-steputils"
  packages = ["stepconf"]
  pruneopts = "UT"
  revision = "94490ca44ddb645764676a94988f6fc7e3187383"

[[projects]]
  branch = "master"
  digest = "1:cc12e8d1756854b6bd1a806e0e62f2e2ce1e275be1f1d67b5e80dc5321db5fba"
  name = "github.com/bitrise-io/go-utils"
  packages = [
    "colorstring",
    "log",
    "parseutil",
    "pointers",
  ]
  pruneopts = "UT"
  revision = "e212188d99b41373b4ff8b69e7b1f677bc427bde"

[[projects]]
  branch = "master"
  digest = "1:65fc705009e4d9a6dcd87dbf98d3399412bc522717ea0c630e7d583b6bdf3583"
  name = "github.com/bitrise-steplib/bitrise-step-build-router-start"
  packages = ["bitrise"]
  pruneopts = "UT"
  revision = "8c34093730ac44ce30902d8865e99492ae1df41d"

[[projects]]
  digest = "1:af105c7c5dc0b4ae41991f122cae860b9600f7d226072c2a83127048c991660c"
  name = "github.com/hashicorp/go-cleanhttp"
  packages = ["."]
  pruneopts = "UT"
  revision = "eda1e5db218aad1db63ca4642c8906b26bcf2744"
  version = "v0.5.1"

[[projects]]
  digest = "1:73dc7f95eceea7f751427bd8e0e1a07f0428f85a1a3aa7f06a0e59a480e05d10"
  name = "github.com/hashicorp/go-retryablehttp"
  packages = ["."]
  pruneopts = "UT"
  revision = "dd1fc3518973fac02fd58865aad8972da9af6410"
  version = "v0.6.6"

[solve-meta]
  analyzer-name = "dep"
  analyzer-version = 1
  input-imports = [
    "github.com/bitrise-io/go-steputils/stepconf",
    "github.com/bitrise-io/go-utils/log",
    "github.com/bitrise-steplib/bitrise-step-build-router-start/bitrise",
  ]
  solver-name = "gps-cdcl"
  solver-version = 1
